// !$*UTF8*$!
{
	archiveVersion = 1;
	classes = {
	};
	objectVersion = 77;
	objects = {

/* Begin PBXBuildFile section */
		9F9575C22ECE44D600277D3F /* StoreKit.framework in Frameworks */ = {isa = PBXBuildFile; fileRef = 9F9575C12ECE44D600277D3F /* StoreKit.framework */; };
		9FAF204A2ED4F6790075747A /* FilmFuelStorekit.storekit in Resources */ = {isa = PBXBuildFile; fileRef = 9FAF20492ED4F6790075747A /* FilmFuelStorekit.storekit */; };
		9FC904FD2EB3E3F700399DE2 /* WidgetKit.framework in Frameworks */ = {isa = PBXBuildFile; fileRef = 9FC904FC2EB3E3F700399DE2 /* WidgetKit.framework */; };
		9FC904FF2EB3E3F700399DE2 /* SwiftUI.framework in Frameworks */ = {isa = PBXBuildFile; fileRef = 9FC904FE2EB3E3F700399DE2 /* SwiftUI.framework */; };
		9FC905102EB3E3F800399DE2 /* FilmFuelWidgetExtension.appex in Embed Foundation Extensions */ = {isa = PBXBuildFile; fileRef = 9FC904FA2EB3E3F700399DE2 /* FilmFuelWidgetExtension.appex */; settings = {ATTRIBUTES = (RemoveHeadersOnCopy, ); }; };
		9FC905832EBBBB1E00399DE2 /* quotes.json in Resources */ = {isa = PBXBuildFile; fileRef = 9FC905802EBBBB1E00399DE2 /* quotes.json */; };
		9FC9058B2EBCCF6400399DE2 /* DailyClock.swift in Sources */ = {isa = PBXBuildFile; fileRef = 9FC905892EBCCF6000399DE2 /* DailyClock.swift */; };
		9FC9058E2EBCCF7800399DE2 /* Quote.swift in Sources */ = {isa = PBXBuildFile; fileRef = 9FC9058C2EBCCF7500399DE2 /* Quote.swift */; };
		9FC905902EBCD05300399DE2 /* quotes.json in Resources */ = {isa = PBXBuildFile; fileRef = 9FC905802EBBBB1E00399DE2 /* quotes.json */; };
		9FC905912EBCD0C300399DE2 /* Quote.swift in Sources */ = {isa = PBXBuildFile; fileRef = 9FC9058C2EBCCF7500399DE2 /* Quote.swift */; };
		9FC905922EBCD0CC00399DE2 /* DailyClock.swift in Sources */ = {isa = PBXBuildFile; fileRef = 9FC905892EBCCF6000399DE2 /* DailyClock.swift */; };
		9FC905942EBCD1EB00399DE2 /* QuotesRepository.swift in Sources */ = {isa = PBXBuildFile; fileRef = 9FC905932EBCD1E000399DE2 /* QuotesRepository.swift */; };
		9FC905952EBCD1EB00399DE2 /* QuotesRepository.swift in Sources */ = {isa = PBXBuildFile; fileRef = 9FC905932EBCD1E000399DE2 /* QuotesRepository.swift */; };
/* End PBXBuildFile section */

/* Begin PBXContainerItemProxy section */
		9FC9050E2EB3E3F800399DE2 /* PBXContainerItemProxy */ = {
			isa = PBXContainerItemProxy;
			containerPortal = 9FC904D42EB27C6100399DE2 /* Project object */;
			proxyType = 1;
			remoteGlobalIDString = 9FC904F92EB3E3F700399DE2;
			remoteInfo = FilmFuelWidgetExtension;
		};
/* End PBXContainerItemProxy section */

/* Begin PBXCopyFilesBuildPhase section */
		9FC905112EB3E3F800399DE2 /* Embed Foundation Extensions */ = {
			isa = PBXCopyFilesBuildPhase;
			buildActionMask = 2147483647;
			dstPath = "";
			dstSubfolderSpec = 13;
			files = (
				9FC905102EB3E3F800399DE2 /* FilmFuelWidgetExtension.appex in Embed Foundation Extensions */,
			);
			name = "Embed Foundation Extensions";
			runOnlyForDeploymentPostprocessing = 0;
		};
/* End PBXCopyFilesBuildPhase section */

/* Begin PBXFileReference section */
		9F9575C12ECE44D600277D3F /* StoreKit.framework */ = {isa = PBXFileReference; lastKnownFileType = wrapper.framework; name = StoreKit.framework; path = System/Library/Frameworks/StoreKit.framework; sourceTree = SDKROOT; };
		9FAF20492ED4F6790075747A /* FilmFuelStorekit.storekit */ = {isa = PBXFileReference; lastKnownFileType = text; path = FilmFuelStorekit.storekit; sourceTree = "<group>"; };
		9FC904DC2EB27C6100399DE2 /* FilmFuel.app */ = {isa = PBXFileReference; explicitFileType = wrapper.application; includeInIndex = 0; path = FilmFuel.app; sourceTree = BUILT_PRODUCTS_DIR; };
		9FC904FA2EB3E3F700399DE2 /* FilmFuelWidgetExtension.appex */ = {isa = PBXFileReference; explicitFileType = "wrapper.app-extension"; includeInIndex = 0; path = FilmFuelWidgetExtension.appex; sourceTree = BUILT_PRODUCTS_DIR; };
		9FC904FC2EB3E3F700399DE2 /* WidgetKit.framework */ = {isa = PBXFileReference; lastKnownFileType = wrapper.framework; name = WidgetKit.framework; path = System/Library/Frameworks/WidgetKit.framework; sourceTree = SDKROOT; };
		9FC904FE2EB3E3F700399DE2 /* SwiftUI.framework */ = {isa = PBXFileReference; lastKnownFileType = wrapper.framework; name = SwiftUI.framework; path = System/Library/Frameworks/SwiftUI.framework; sourceTree = SDKROOT; };
		9FC905172EB3E61800399DE2 /* FilmFuelWidgetExtension.entitlements */ = {isa = PBXFileReference; lastKnownFileType = text.plist.entitlements; path = FilmFuelWidgetExtension.entitlements; sourceTree = "<group>"; };
		9FC905802EBBBB1E00399DE2 /* quotes.json */ = {isa = PBXFileReference; lastKnownFileType = text.json; path = quotes.json; sourceTree = "<group>"; };
		9FC905892EBCCF6000399DE2 /* DailyClock.swift */ = {isa = PBXFileReference; lastKnownFileType = sourcecode.swift; path = DailyClock.swift; sourceTree = "<group>"; };
		9FC9058C2EBCCF7500399DE2 /* Quote.swift */ = {isa = PBXFileReference; lastKnownFileType = sourcecode.swift; path = Quote.swift; sourceTree = "<group>"; };
		9FC905932EBCD1E000399DE2 /* QuotesRepository.swift */ = {isa = PBXFileReference; lastKnownFileType = sourcecode.swift; path = QuotesRepository.swift; sourceTree = "<group>"; };
/* End PBXFileReference section */

/* Begin PBXFileSystemSynchronizedBuildFileExceptionSet section */
		9F46EA5A2EC6836A00AB296D /* Exceptions for "FilmFuel" folder in "FilmFuelWidgetExtension" target */ = {
			isa = PBXFileSystemSynchronizedBuildFileExceptionSet;
			membershipExceptions = (
				Assets.xcassets,
			);
			target = 9FC904F92EB3E3F700399DE2 /* FilmFuelWidgetExtension */;
		};
		9F9576652ECF9A0E00277D3F /* Exceptions for "FilmFuel" folder in "FilmFuel" target */ = {
			isa = PBXFileSystemSynchronizedBuildFileExceptionSet;
			membershipExceptions = (
				Docs/FILMFUEL_ROADMAP.md,
				Docs/PRIVACY_POLICY.md,
			);
			target = 9FC904DB2EB27C6100399DE2 /* FilmFuel */;
		};
		9FC905142EB3E3F800399DE2 /* Exceptions for "FilmFuelWidget" folder in "FilmFuelWidgetExtension" target */ = {
			isa = PBXFileSystemSynchronizedBuildFileExceptionSet;
			membershipExceptions = (
				Info.plist,
			);
			target = 9FC904F92EB3E3F700399DE2 /* FilmFuelWidgetExtension */;
		};
/* End PBXFileSystemSynchronizedBuildFileExceptionSet section */

/* Begin PBXFileSystemSynchronizedRootGroup section */
		9FC904DE2EB27C6100399DE2 /* FilmFuel */ = {
			isa = PBXFileSystemSynchronizedRootGroup;
			exceptions = (
				9F9576652ECF9A0E00277D3F /* Exceptions for "FilmFuel" folder in "FilmFuel" target */,
				9F46EA5A2EC6836A00AB296D /* Exceptions for "FilmFuel" folder in "FilmFuelWidgetExtension" target */,
			);
			path = FilmFuel;
			sourceTree = "<group>";
		};
		9FC905002EB3E3F700399DE2 /* FilmFuelWidget */ = {
			isa = PBXFileSystemSynchronizedRootGroup;
			exceptions = (
				9FC905142EB3E3F800399DE2 /* Exceptions for "FilmFuelWidget" folder in "FilmFuelWidgetExtension" target */,
			);
			path = FilmFuelWidget;
			sourceTree = "<group>";
		};
/* End PBXFileSystemSynchronizedRootGroup section */

/* Begin PBXFrameworksBuildPhase section */
		9FC904D92EB27C6100399DE2 /* Frameworks */ = {
			isa = PBXFrameworksBuildPhase;
			buildActionMask = 2147483647;
			files = (
				9F9575C22ECE44D600277D3F /* StoreKit.framework in Frameworks */,
			);
			runOnlyForDeploymentPostprocessing = 0;
		};
		9FC904F72EB3E3F700399DE2 /* Frameworks */ = {
			isa = PBXFrameworksBuildPhase;
			buildActionMask = 2147483647;
			files = (
				9FC904FF2EB3E3F700399DE2 /* SwiftUI.framework in Frameworks */,
				9FC904FD2EB3E3F700399DE2 /* WidgetKit.framework in Frameworks */,
			);
			runOnlyForDeploymentPostprocessing = 0;
		};
/* End PBXFrameworksBuildPhase section */

/* Begin PBXGroup section */
		9FC904D32EB27C6100399DE2 = {
			isa = PBXGroup;
			children = (
				9FAF20492ED4F6790075747A /* FilmFuelStorekit.storekit */,
				9FC9058F2EBCD02500399DE2 /* Shared */,
				9FC905172EB3E61800399DE2 /* FilmFuelWidgetExtension.entitlements */,
				9FC904DE2EB27C6100399DE2 /* FilmFuel */,
				9FC905002EB3E3F700399DE2 /* FilmFuelWidget */,
				9FC904FB2EB3E3F700399DE2 /* Frameworks */,
				9FC904DD2EB27C6100399DE2 /* Products */,
			);
			sourceTree = "<group>";
		};
		9FC904DD2EB27C6100399DE2 /* Products */ = {
			isa = PBXGroup;
			children = (
				9FC904DC2EB27C6100399DE2 /* FilmFuel.app */,
				9FC904FA2EB3E3F700399DE2 /* FilmFuelWidgetExtension.appex */,
			);
			name = Products;
			sourceTree = "<group>";
		};
		9FC904FB2EB3E3F700399DE2 /* Frameworks */ = {
			isa = PBXGroup;
			children = (
				9F9575C12ECE44D600277D3F /* StoreKit.framework */,
				9FC904FC2EB3E3F700399DE2 /* WidgetKit.framework */,
				9FC904FE2EB3E3F700399DE2 /* SwiftUI.framework */,
			);
			name = Frameworks;
			sourceTree = "<group>";
		};
		9FC9058F2EBCD02500399DE2 /* Shared */ = {
			isa = PBXGroup;
			children = (
				9FC905932EBCD1E000399DE2 /* QuotesRepository.swift */,
				9FC905802EBBBB1E00399DE2 /* quotes.json */,
				9FC9058C2EBCCF7500399DE2 /* Quote.swift */,
				9FC905892EBCCF6000399DE2 /* DailyClock.swift */,
			);
			path = Shared;
			sourceTree = "<group>";
		};
/* End PBXGroup section */

/* Begin PBXNativeTarget section */
		9FC904DB2EB27C6100399DE2 /* FilmFuel */ = {
			isa = PBXNativeTarget;
			buildConfigurationList = 9FC904E72EB27C6300399DE2 /* Build configuration list for PBXNativeTarget "FilmFuel" */;
			buildPhases = (
				9FC904D82EB27C6100399DE2 /* Sources */,
				9FC904D92EB27C6100399DE2 /* Frameworks */,
				9FC904DA2EB27C6100399DE2 /* Resources */,
				9FC905112EB3E3F800399DE2 /* Embed Foundation Extensions */,
			);
			buildRules = (
			);
			dependencies = (
				9FC9050F2EB3E3F800399DE2 /* PBXTargetDependency */,
			);
			fileSystemSynchronizedGroups = (
				9FC904DE2EB27C6100399DE2 /* FilmFuel */,
			);
			name = FilmFuel;
			packageProductDependencies = (
			);
			productName = FilmFuel;
			productReference = 9FC904DC2EB27C6100399DE2 /* FilmFuel.app */;
			productType = "com.apple.product-type.application";
		};
		9FC904F92EB3E3F700399DE2 /* FilmFuelWidgetExtension */ = {
			isa = PBXNativeTarget;
			buildConfigurationList = 9FC905152EB3E3F800399DE2 /* Build configuration list for PBXNativeTarget "FilmFuelWidgetExtension" */;
			buildPhases = (
				9FC904F62EB3E3F700399DE2 /* Sources */,
				9FC904F72EB3E3F700399DE2 /* Frameworks */,
				9FC904F82EB3E3F700399DE2 /* Resources */,
			);
			buildRules = (
			);
			dependencies = (
			);
			fileSystemSynchronizedGroups = (
				9FC905002EB3E3F700399DE2 /* FilmFuelWidget */,
			);
			name = FilmFuelWidgetExtension;
			packageProductDependencies = (
			);
			productName = FilmFuelWidgetExtension;
			productReference = 9FC904FA2EB3E3F700399DE2 /* FilmFuelWidgetExtension.appex */;
			productType = "com.apple.product-type.app-extension";
		};
/* End PBXNativeTarget section */

/* Begin PBXProject section */
		9FC904D42EB27C6100399DE2 /* Project object */ = {
			isa = PBXProject;
			attributes = {
				BuildIndependentTargetsInParallel = 1;
				LastSwiftUpdateCheck = 2600;
				LastUpgradeCheck = 2600;
				TargetAttributes = {
					9FC904DB2EB27C6100399DE2 = {
						CreatedOnToolsVersion = 26.0.1;
					};
					9FC904F92EB3E3F700399DE2 = {
						CreatedOnToolsVersion = 26.0.1;
					};
				};
			};
			buildConfigurationList = 9FC904D72EB27C6100399DE2 /* Build configuration list for PBXProject "FilmFuel" */;
			developmentRegion = en;
			hasScannedForEncodings = 0;
			knownRegions = (
				en,
				Base,
			);
			mainGroup = 9FC904D32EB27C6100399DE2;
			minimizedProjectReferenceProxies = 1;
			preferredProjectObjectVersion = 77;
			productRefGroup = 9FC904DD2EB27C6100399DE2 /* Products */;
			projectDirPath = "";
			projectRoot = "";
			targets = (
				9FC904DB2EB27C6100399DE2 /* FilmFuel */,
				9FC904F92EB3E3F700399DE2 /* FilmFuelWidgetExtension */,
			);
		};
/* End PBXProject section */

/* Begin PBXResourcesBuildPhase section */
		9FC904DA2EB27C6100399DE2 /* Resources */ = {
			isa = PBXResourcesBuildPhase;
			buildActionMask = 2147483647;
			files = (
				9FC905902EBCD05300399DE2 /* quotes.json in Resources */,
				9FAF204A2ED4F6790075747A /* FilmFuelStorekit.storekit in Resources */,
			);
			runOnlyForDeploymentPostprocessing = 0;
		};
		9FC904F82EB3E3F700399DE2 /* Resources */ = {
			isa = PBXResourcesBuildPhase;
			buildActionMask = 2147483647;
			files = (
				9FC905832EBBBB1E00399DE2 /* quotes.json in Resources */,
			);
			runOnlyForDeploymentPostprocessing = 0;
		};
/* End PBXResourcesBuildPhase section */

/* Begin PBXSourcesBuildPhase section */
		9FC904D82EB27C6100399DE2 /* Sources */ = {
			isa = PBXSourcesBuildPhase;
			buildActionMask = 2147483647;
			files = (
				9FC905952EBCD1EB00399DE2 /* QuotesRepository.swift in Sources */,
				9FC9058B2EBCCF6400399DE2 /* DailyClock.swift in Sources */,
				9FC9058E2EBCCF7800399DE2 /* Quote.swift in Sources */,
			);
			runOnlyForDeploymentPostprocessing = 0;
		};
		9FC904F62EB3E3F700399DE2 /* Sources */ = {
			isa = PBXSourcesBuildPhase;
			buildActionMask = 2147483647;
			files = (
				9FC905912EBCD0C300399DE2 /* Quote.swift in Sources */,
				9FC905922EBCD0CC00399DE2 /* DailyClock.swift in Sources */,
				9FC905942EBCD1EB00399DE2 /* QuotesRepository.swift in Sources */,
			);
			runOnlyForDeploymentPostprocessing = 0;
		};
/* End PBXSourcesBuildPhase section */

/* Begin PBXTargetDependency section */
		9FC9050F2EB3E3F800399DE2 /* PBXTargetDependency */ = {
			isa = PBXTargetDependency;
			target = 9FC904F92EB3E3F700399DE2 /* FilmFuelWidgetExtension */;
			targetProxy = 9FC9050E2EB3E3F800399DE2 /* PBXContainerItemProxy */;
		};
/* End PBXTargetDependency section */

/* Begin XCBuildConfiguration section */
		9FC904E52EB27C6300399DE2 /* Debug */ = {
			isa = XCBuildConfiguration;
			buildSettings = {
				ALWAYS_SEARCH_USER_PATHS = NO;
				ASSETCATALOG_COMPILER_GENERATE_SWIFT_ASSET_SYMBOL_EXTENSIONS = YES;
				CLANG_ANALYZER_NONNULL = YES;
				CLANG_ANALYZER_NUMBER_OBJECT_CONVERSION = YES_AGGRESSIVE;
				CLANG_CXX_LANGUAGE_STANDARD = "gnu++20";
				CLANG_ENABLE_MODULES = YES;
				CLANG_ENABLE_OBJC_ARC = YES;
				CLANG_ENABLE_OBJC_WEAK = YES;
				CLANG_WARN_BLOCK_CAPTURE_AUTORELEASING = YES;
				CLANG_WARN_BOOL_CONVERSION = YES;
				CLANG_WARN_COMMA = YES;
				CLANG_WARN_CONSTANT_CONVERSION = YES;
				CLANG_WARN_DEPRECATED_OBJC_IMPLEMENTATIONS = YES;
				CLANG_WARN_DIRECT_OBJC_ISA_USAGE = YES_ERROR;
				CLANG_WARN_DOCUMENTATION_COMMENTS = YES;
				CLANG_WARN_EMPTY_BODY = YES;
				CLANG_WARN_ENUM_CONVERSION = YES;
				CLANG_WARN_INFINITE_RECURSION = YES;
				CLANG_WARN_INT_CONVERSION = YES;
				CLANG_WARN_NON_LITERAL_NULL_CONVERSION = YES;
				CLANG_WARN_OBJC_IMPLICIT_RETAIN_SELF = YES;
				CLANG_WARN_OBJC_LITERAL_CONVERSION = YES;
				CLANG_WARN_OBJC_ROOT_CLASS = YES_ERROR;
				CLANG_WARN_QUOTED_INCLUDE_IN_FRAMEWORK_HEADER = YES;
				CLANG_WARN_RANGE_LOOP_ANALYSIS = YES;
				CLANG_WARN_STRICT_PROTOTYPES = YES;
				CLANG_WARN_SUSPICIOUS_MOVE = YES;
				CLANG_WARN_UNGUARDED_AVAILABILITY = YES_AGGRESSIVE;
				CLANG_WARN_UNREACHABLE_CODE = YES;
				CLANG_WARN__DUPLICATE_METHOD_MATCH = YES;
				COPY_PHASE_STRIP = NO;
				DEBUG_INFORMATION_FORMAT = dwarf;
				ENABLE_STRICT_OBJC_MSGSEND = YES;
				ENABLE_TESTABILITY = YES;
				ENABLE_USER_SCRIPT_SANDBOXING = YES;
				GCC_C_LANGUAGE_STANDARD = gnu17;
				GCC_DYNAMIC_NO_PIC = NO;
				GCC_NO_COMMON_BLOCKS = YES;
				GCC_OPTIMIZATION_LEVEL = 0;
				GCC_PREPROCESSOR_DEFINITIONS = (
					"DEBUG=1",
					"$(inherited)",
				);
				GCC_WARN_64_TO_32_BIT_CONVERSION = YES;
				GCC_WARN_ABOUT_RETURN_TYPE = YES_ERROR;
				GCC_WARN_UNDECLARED_SELECTOR = YES;
				GCC_WARN_UNINITIALIZED_AUTOS = YES_AGGRESSIVE;
				GCC_WARN_UNUSED_FUNCTION = YES;
				GCC_WARN_UNUSED_VARIABLE = YES;
				IPHONEOS_DEPLOYMENT_TARGET = 26.0;
				LOCALIZATION_PREFERS_STRING_CATALOGS = YES;
				MTL_ENABLE_DEBUG_INFO = INCLUDE_SOURCE;
				MTL_FAST_MATH = YES;
				ONLY_ACTIVE_ARCH = YES;
				SDKROOT = iphoneos;
				SWIFT_ACTIVE_COMPILATION_CONDITIONS = "DEBUG $(inherited)";
				SWIFT_OPTIMIZATION_LEVEL = "-Onone";
			};
			name = Debug;
		};
		9FC904E62EB27C6300399DE2 /* Release */ = {
			isa = XCBuildConfiguration;
			buildSettings = {
				ALWAYS_SEARCH_USER_PATHS = NO;
				ASSETCATALOG_COMPILER_GENERATE_SWIFT_ASSET_SYMBOL_EXTENSIONS = YES;
				CLANG_ANALYZER_NONNULL = YES;
				CLANG_ANALYZER_NUMBER_OBJECT_CONVERSION = YES_AGGRESSIVE;
				CLANG_CXX_LANGUAGE_STANDARD = "gnu++20";
				CLANG_ENABLE_MODULES = YES;
				CLANG_ENABLE_OBJC_ARC = YES;
				CLANG_ENABLE_OBJC_WEAK = YES;
				CLANG_WARN_BLOCK_CAPTURE_AUTORELEASING = YES;
				CLANG_WARN_BOOL_CONVERSION = YES;
				CLANG_WARN_COMMA = YES;
				CLANG_WARN_CONSTANT_CONVERSION = YES;
				CLANG_WARN_DEPRECATED_OBJC_IMPLEMENTATIONS = YES;
				CLANG_WARN_DIRECT_OBJC_ISA_USAGE = YES_ERROR;
				CLANG_WARN_DOCUMENTATION_COMMENTS = YES;
				CLANG_WARN_EMPTY_BODY = YES;
				CLANG_WARN_ENUM_CONVERSION = YES;
				CLANG_WARN_INFINITE_RECURSION = YES;
				CLANG_WARN_INT_CONVERSION = YES;
				CLANG_WARN_NON_LITERAL_NULL_CONVERSION = YES;
				CLANG_WARN_OBJC_IMPLICIT_RETAIN_SELF = YES;
				CLANG_WARN_OBJC_LITERAL_CONVERSION = YES;
				CLANG_WARN_OBJC_ROOT_CLASS = YES_ERROR;
				CLANG_WARN_QUOTED_INCLUDE_IN_FRAMEWORK_HEADER = YES;
				CLANG_WARN_RANGE_LOOP_ANALYSIS = YES;
				CLANG_WARN_STRICT_PROTOTYPES = YES;
				CLANG_WARN_SUSPICIOUS_MOVE = YES;
				CLANG_WARN_UNGUARDED_AVAILABILITY = YES_AGGRESSIVE;
				CLANG_WARN_UNREACHABLE_CODE = YES;
				CLANG_WARN__DUPLICATE_METHOD_MATCH = YES;
				COPY_PHASE_STRIP = NO;
				DEBUG_INFORMATION_FORMAT = "dwarf-with-dsym";
				ENABLE_NS_ASSERTIONS = NO;
				ENABLE_STRICT_OBJC_MSGSEND = YES;
				ENABLE_USER_SCRIPT_SANDBOXING = YES;
				GCC_C_LANGUAGE_STANDARD = gnu17;
				GCC_NO_COMMON_BLOCKS = YES;
				GCC_WARN_64_TO_32_BIT_CONVERSION = YES;
				GCC_WARN_ABOUT_RETURN_TYPE = YES_ERROR;
				GCC_WARN_UNDECLARED_SELECTOR = YES;
				GCC_WARN_UNINITIALIZED_AUTOS = YES_AGGRESSIVE;
				GCC_WARN_UNUSED_FUNCTION = YES;
				GCC_WARN_UNUSED_VARIABLE = YES;
				IPHONEOS_DEPLOYMENT_TARGET = 26.0;
				LOCALIZATION_PREFERS_STRING_CATALOGS = YES;
				MTL_ENABLE_DEBUG_INFO = NO;
				MTL_FAST_MATH = YES;
				SDKROOT = iphoneos;
				SWIFT_COMPILATION_MODE = wholemodule;
				VALIDATE_PRODUCT = YES;
			};
			name = Release;
		};
		9FC904E82EB27C6300399DE2 /* Debug */ = {
			isa = XCBuildConfiguration;
			buildSettings = {
				ASSETCATALOG_COMPILER_APPICON_NAME = AppIcon;
				ASSETCATALOG_COMPILER_GLOBAL_ACCENT_COLOR_NAME = AccentColor;
				ASSETCATALOG_COMPILER_INCLUDE_ALL_APPICON_ASSETS = NO;
				CODE_SIGN_ENTITLEMENTS = FilmFuel/FilmFuel.entitlements;
				CODE_SIGN_STYLE = Automatic;
				CURRENT_PROJECT_VERSION = 1;
				DEVELOPMENT_TEAM = FRCA497Y9T;
				ENABLE_PREVIEWS = YES;
				GENERATE_INFOPLIST_FILE = YES;
				INFOPLIST_KEY_UIApplicationSceneManifest_Generation = YES;
				INFOPLIST_KEY_UIApplicationSupportsIndirectInputEvents = YES;
				INFOPLIST_KEY_UILaunchScreen_Generation = YES;
				INFOPLIST_KEY_UISupportedInterfaceOrientations_iPad = "UIInterfaceOrientationPortrait UIInterfaceOrientationPortraitUpsideDown UIInterfaceOrientationLandscapeLeft UIInterfaceOrientationLandscapeRight";
				INFOPLIST_KEY_UISupportedInterfaceOrientations_iPhone = "UIInterfaceOrientationPortrait UIInterfaceOrientationLandscapeLeft UIInterfaceOrientationLandscapeRight";
				IPHONEOS_DEPLOYMENT_TARGET = 18.6;
				LD_RUNPATH_SEARCH_PATHS = (
					"$(inherited)",
					"@executable_path/Frameworks",
				);
				MARKETING_VERSION = 1.0;
				PRODUCT_BUNDLE_IDENTIFIER = com.chrisolah.FilmFuel;
				PRODUCT_NAME = "$(TARGET_NAME)";
				STRING_CATALOG_GENERATE_SYMBOLS = YES;
				SWIFT_APPROACHABLE_CONCURRENCY = YES;
				SWIFT_DEFAULT_ACTOR_ISOLATION = MainActor;
				SWIFT_EMIT_LOC_STRINGS = YES;
				SWIFT_UPCOMING_FEATURE_MEMBER_IMPORT_VISIBILITY = YES;
				SWIFT_VERSION = 5.0;
				TARGETED_DEVICE_FAMILY = "1,2";
			};
			name = Debug;
		};
		9FC904E92EB27C6300399DE2 /* Release */ = {
			isa = XCBuildConfiguration;
			buildSettings = {
				ASSETCATALOG_COMPILER_APPICON_NAME = AppIcon;
				ASSETCATALOG_COMPILER_GLOBAL_ACCENT_COLOR_NAME = AccentColor;
				ASSETCATALOG_COMPILER_INCLUDE_ALL_APPICON_ASSETS = NO;
				CODE_SIGN_ENTITLEMENTS = FilmFuel/FilmFuel.entitlements;
				CODE_SIGN_STYLE = Automatic;
				CURRENT_PROJECT_VERSION = 1;
				DEVELOPMENT_TEAM = FRCA497Y9T;
				ENABLE_PREVIEWS = YES;
				GENERATE_INFOPLIST_FILE = YES;
				INFOPLIST_KEY_UIApplicationSceneManifest_Generation = YES;
				INFOPLIST_KEY_UIApplicationSupportsIndirectInputEvents = YES;
				INFOPLIST_KEY_UILaunchScreen_Generation = YES;
				INFOPLIST_KEY_UISupportedInterfaceOrientations_iPad = "UIInterfaceOrientationPortrait UIInterfaceOrientationPortraitUpsideDown UIInterfaceOrientationLandscapeLeft UIInterfaceOrientationLandscapeRight";
				INFOPLIST_KEY_UISupportedInterfaceOrientations_iPhone = "UIInterfaceOrientationPortrait UIInterfaceOrientationLandscapeLeft UIInterfaceOrientationLandscapeRight";
				IPHONEOS_DEPLOYMENT_TARGET = 18.6;
				LD_RUNPATH_SEARCH_PATHS = (
					"$(inherited)",
					"@executable_path/Frameworks",
				);
				MARKETING_VERSION = 1.0;
				PRODUCT_BUNDLE_IDENTIFIER = com.chrisolah.FilmFuel;
				PRODUCT_NAME = "$(TARGET_NAME)";
				STRING_CATALOG_GENERATE_SYMBOLS = YES;
				SWIFT_APPROACHABLE_CONCURRENCY = YES;
				SWIFT_DEFAULT_ACTOR_ISOLATION = MainActor;
				SWIFT_EMIT_LOC_STRINGS = YES;
				SWIFT_UPCOMING_FEATURE_MEMBER_IMPORT_VISIBILITY = YES;
				SWIFT_VERSION = 5.0;
				TARGETED_DEVICE_FAMILY = "1,2";
			};
			name = Release;
		};
		9FC905122EB3E3F800399DE2 /* Debug */ = {
			isa = XCBuildConfiguration;
			buildSettings = {
				ASSETCATALOG_COMPILER_GLOBAL_ACCENT_COLOR_NAME = AccentColor;
				ASSETCATALOG_COMPILER_WIDGET_BACKGROUND_COLOR_NAME = WidgetBackground;
				CODE_SIGN_ENTITLEMENTS = FilmFuelWidgetExtension.entitlements;
				CODE_SIGN_STYLE = Automatic;
				CURRENT_PROJECT_VERSION = 1;
				DEVELOPMENT_TEAM = FRCA497Y9T;
				GENERATE_INFOPLIST_FILE = YES;
				INFOPLIST_FILE = FilmFuelWidget/Info.plist;
				INFOPLIST_KEY_CFBundleDisplayName = FilmFuelWidget;
				INFOPLIST_KEY_NSHumanReadableCopyright = "";
				IPHONEOS_DEPLOYMENT_TARGET = 18.6;
				LD_RUNPATH_SEARCH_PATHS = (
					"$(inherited)",
					"@executable_path/Frameworks",
					"@executable_path/../../Frameworks",
				);
				MARKETING_VERSION = 1.0;
				PRODUCT_BUNDLE_IDENTIFIER = com.chrisolah.FilmFuel.FilmFuelWidget;
				PRODUCT_NAME = "$(TARGET_NAME)";
				SKIP_INSTALL = YES;
				STRING_CATALOG_GENERATE_SYMBOLS = YES;
				SWIFT_APPROACHABLE_CONCURRENCY = YES;
				SWIFT_EMIT_LOC_STRINGS = YES;
				SWIFT_UPCOMING_FEATURE_MEMBER_IMPORT_VISIBILITY = YES;
				SWIFT_VERSION = 5.0;
				TARGETED_DEVICE_FAMILY = "1,2";
			};
			name = Debug;
		};
		9FC905132EB3E3F800399DE2 /* Release */ = {
			isa = XCBuildConfiguration;
			buildSettings = {
				ASSETCATALOG_COMPILER_GLOBAL_ACCENT_COLOR_NAME = AccentColor;
				ASSETCATALOG_COMPILER_WIDGET_BACKGROUND_COLOR_NAME = WidgetBackground;
				CODE_SIGN_ENTITLEMENTS = FilmFuelWidgetExtension.entitlements;
				CODE_SIGN_STYLE = Automatic;
				CURRENT_PROJECT_VERSION = 1;
				DEVELOPMENT_TEAM = FRCA497Y9T;
				GENERATE_INFOPLIST_FILE = YES;
				INFOPLIST_FILE = FilmFuelWidget/Info.plist;
				INFOPLIST_KEY_CFBundleDisplayName = FilmFuelWidget;
				INFOPLIST_KEY_NSHumanReadableCopyright = "";
				IPHONEOS_DEPLOYMENT_TARGET = 18.6;
				LD_RUNPATH_SEARCH_PATHS = (
					"$(inherited)",
					"@executable_path/Frameworks",
					"@executable_path/../../Frameworks",
				);
				MARKETING_VERSION = 1.0;
				PRODUCT_BUNDLE_IDENTIFIER = com.chrisolah.FilmFuel.FilmFuelWidget;
				PRODUCT_NAME = "$(TARGET_NAME)";
				SKIP_INSTALL = YES;
				STRING_CATALOG_GENERATE_SYMBOLS = YES;
				SWIFT_APPROACHABLE_CONCURRENCY = YES;
				SWIFT_EMIT_LOC_STRINGS = YES;
				SWIFT_UPCOMING_FEATURE_MEMBER_IMPORT_VISIBILITY = YES;
				SWIFT_VERSION = 5.0;
				TARGETED_DEVICE_FAMILY = "1,2";
			};
			name = Release;
		};
/* End XCBuildConfiguration section */

/* Begin XCConfigurationList section */
		9FC904D72EB27C6100399DE2 /* Build configuration list for PBXProject "FilmFuel" */ = {
			isa = XCConfigurationList;
			buildConfigurations = (
				9FC904E52EB27C6300399DE2 /* Debug */,
				9FC904E62EB27C6300399DE2 /* Release */,
			);
			defaultConfigurationIsVisible = 0;
			defaultConfigurationName = Release;
		};
		9FC904E72EB27C6300399DE2 /* Build configuration list for PBXNativeTarget "FilmFuel" */ = {
			isa = XCConfigurationList;
			buildConfigurations = (
				9FC904E82EB27C6300399DE2 /* Debug */,
				9FC904E92EB27C6300399DE2 /* Release */,
			);
			defaultConfigurationIsVisible = 0;
			defaultConfigurationName = Release;
		};
		9FC905152EB3E3F800399DE2 /* Build configuration list for PBXNativeTarget "FilmFuelWidgetExtension" */ = {
			isa = XCConfigurationList;
			buildConfigurations = (
				9FC905122EB3E3F800399DE2 /* Debug */,
				9FC905132EB3E3F800399DE2 /* Release */,
			);
			defaultConfigurationIsVisible = 0;
			defaultConfigurationName = Release;
		};
/* End XCConfigurationList section */
	};
	rootObject = 9FC904D42EB27C6100399DE2 /* Project object */;
}
